// !$*UTF8*$!
{
	archiveVersion = 1;
	classes = {
	};
	objectVersion = 46;
	objects = {

/* Begin PBXBuildFile section */
		AA277009155B40D300F92BCE /* Repository.m in Sources */ = {isa = PBXBuildFile; fileRef = AA277008155B40D300F92BCE /* Repository.m */; };
		AA277018155EEE3B00F92BCE /* NSManagedObjectContext+Fetches.m in Sources */ = {isa = PBXBuildFile; fileRef = AA277017155EEE3B00F92BCE /* NSManagedObjectContext+Fetches.m */; };
		AA277021155EFD8600F92BCE /* NewTaskViewController.m in Sources */ = {isa = PBXBuildFile; fileRef = AA277020155EFD8600F92BCE /* NewTaskViewController.m */; };
		AA27E5EC1523F6CB0041B9F4 /* ListTasksTableViewController.m in Sources */ = {isa = PBXBuildFile; fileRef = AA27E5EB1523F6CB0041B9F4 /* ListTasksTableViewController.m */; };
		AA27E5F91523FA0D0041B9F4 /* UserDefaultsRepository.m in Sources */ = {isa = PBXBuildFile; fileRef = AA27E5F81523FA0D0041B9F4 /* UserDefaultsRepository.m */; };
		AA42A5A1154E1BCC0027B398 /* CoreData.framework in Frameworks */ = {isa = PBXBuildFile; fileRef = AA42A5A0154E1BCC0027B398 /* CoreData.framework */; };
		AA42A5A7154E227B0027B398 /* CoreDataTableViewController.m in Sources */ = {isa = PBXBuildFile; fileRef = AA42A5A6154E227B0027B398 /* CoreDataTableViewController.m */; };
		AA7CB0271560733100E237AD /* Task.m in Sources */ = {isa = PBXBuildFile; fileRef = AA7CB0261560733100E237AD /* Task.m */; };
		AAA42E99153A091D00B47BCB /* inbox_24x24.png in Resources */ = {isa = PBXBuildFile; fileRef = AAA42E98153A091D00B47BCB /* inbox_24x24.png */; };
		AAA42E9B153A09C900B47BCB /* calendar_24x24.png in Resources */ = {isa = PBXBuildFile; fileRef = AAA42E9A153A09C900B47BCB /* calendar_24x24.png */; };
		AAA42E9D153A0A9A00B47BCB /* next_24x24.png in Resources */ = {isa = PBXBuildFile; fileRef = AAA42E9C153A0A9A00B47BCB /* next_24x24.png */; };
		AAA42EA4153A240600B47BCB /* checkbox_checked.png in Resources */ = {isa = PBXBuildFile; fileRef = AAA42EA2153A240600B47BCB /* checkbox_checked.png */; };
		AAA42EA5153A240600B47BCB /* checkbox.png in Resources */ = {isa = PBXBuildFile; fileRef = AAA42EA3153A240600B47BCB /* checkbox.png */; };
		AAA42EA9153A24F800B47BCB /* TaskViewCell.m in Sources */ = {isa = PBXBuildFile; fileRef = AAA42EA8153A24F800B47BCB /* TaskViewCell.m */; };
		AAC60A78154DBED8001A7016 /* project_24x24.png in Resources */ = {isa = PBXBuildFile; fileRef = AAC60A77154DBED8001A7016 /* project_24x24.png */; };
		AAC60A83154DD105001A7016 /* MyToDoModel.xcdatamodeld in Sources */ = {isa = PBXBuildFile; fileRef = AAC60A81154DD105001A7016 /* MyToDoModel.xcdatamodeld */; };
		AAC60AA2154DE571001A7016 /* Task+AddOn.m in Sources */ = {isa = PBXBuildFile; fileRef = AAC60AA1154DE571001A7016 /* Task+AddOn.m */; };
		AAC8A06E150ADEB400416925 /* UIKit.framework in Frameworks */ = {isa = PBXBuildFile; fileRef = AAC8A06D150ADEB400416925 /* UIKit.framework */; };
		AAC8A070150ADEB400416925 /* Foundation.framework in Frameworks */ = {isa = PBXBuildFile; fileRef = AAC8A06F150ADEB400416925 /* Foundation.framework */; };
		AAC8A072150ADEB400416925 /* CoreGraphics.framework in Frameworks */ = {isa = PBXBuildFile; fileRef = AAC8A071150ADEB400416925 /* CoreGraphics.framework */; };
		AAC8A078150ADEB400416925 /* InfoPlist.strings in Resources */ = {isa = PBXBuildFile; fileRef = AAC8A076150ADEB400416925 /* InfoPlist.strings */; };
		AAC8A07A150ADEB400416925 /* main.m in Sources */ = {isa = PBXBuildFile; fileRef = AAC8A079150ADEB400416925 /* main.m */; };
		AAC8A07E150ADEB400416925 /* AppDelegate.m in Sources */ = {isa = PBXBuildFile; fileRef = AAC8A07D150ADEB400416925 /* AppDelegate.m */; };
		AAC8A081150ADEB400416925 /* MainStoryboard.storyboard in Resources */ = {isa = PBXBuildFile; fileRef = AAC8A07F150ADEB400416925 /* MainStoryboard.storyboard */; };
		AAC8A08F150AE35B00416925 /* IndexTableViewController.m in Sources */ = {isa = PBXBuildFile; fileRef = AAC8A08E150AE35B00416925 /* IndexTableViewController.m */; };
		AAC8A09C150AE89800416925 /* fav2 copy.png in Resources */ = {isa = PBXBuildFile; fileRef = AAC8A09B150AE89800416925 /* fav2 copy.png */; };
		AAC8A09E150AE8EE00416925 /* fusion_icon.png in Resources */ = {isa = PBXBuildFile; fileRef = AAC8A09D150AE8EE00416925 /* fusion_icon.png */; };
		AAFC0E0415EABC0700515BB5 /* Folder.m in Sources */ = {isa = PBXBuildFile; fileRef = AAFC0E0315EABC0700515BB5 /* Folder.m */; };
		AAFC0E0A15EABC6900515BB5 /* Tag.m in Sources */ = {isa = PBXBuildFile; fileRef = AAFC0E0915EABC6900515BB5 /* Tag.m */; };
/* End PBXBuildFile section */

/* Begin PBXFileReference section */
		AA277007155B40D300F92BCE /* Repository.h */ = {isa = PBXFileReference; fileEncoding = 4; lastKnownFileType = sourcecode.c.h; path = Repository.h; sourceTree = "<group>"; };
		AA277008155B40D300F92BCE /* Repository.m */ = {isa = PBXFileReference; fileEncoding = 4; lastKnownFileType = sourcecode.c.objc; path = Repository.m; sourceTree = "<group>"; };
		AA277016155EEE3B00F92BCE /* NSManagedObjectContext+Fetches.h */ = {isa = PBXFileReference; fileEncoding = 4; lastKnownFileType = sourcecode.c.h; path = "NSManagedObjectContext+Fetches.h"; sourceTree = "<group>"; };
		AA277017155EEE3B00F92BCE /* NSManagedObjectContext+Fetches.m */ = {isa = PBXFileReference; fileEncoding = 4; lastKnownFileType = sourcecode.c.objc; path = "NSManagedObjectContext+Fetches.m"; sourceTree = "<group>"; };
		AA27701F155EFD8600F92BCE /* NewTaskViewController.h */ = {isa = PBXFileReference; fileEncoding = 4; lastKnownFileType = sourcecode.c.h; path = NewTaskViewController.h; sourceTree = "<group>"; };
		AA277020155EFD8600F92BCE /* NewTaskViewController.m */ = {isa = PBXFileReference; fileEncoding = 4; lastKnownFileType = sourcecode.c.objc; path = NewTaskViewController.m; sourceTree = "<group>"; };
		AA27E5EA1523F6CB0041B9F4 /* ListTasksTableViewController.h */ = {isa = PBXFileReference; fileEncoding = 4; lastKnownFileType = sourcecode.c.h; path = ListTasksTableViewController.h; sourceTree = "<group>"; };
		AA27E5EB1523F6CB0041B9F4 /* ListTasksTableViewController.m */ = {isa = PBXFileReference; fileEncoding = 4; lastKnownFileType = sourcecode.c.objc; path = ListTasksTableViewController.m; sourceTree = "<group>"; };
		AA27E5F71523FA0D0041B9F4 /* UserDefaultsRepository.h */ = {isa = PBXFileReference; fileEncoding = 4; lastKnownFileType = sourcecode.c.h; path = UserDefaultsRepository.h; sourceTree = "<group>"; };
		AA27E5F81523FA0D0041B9F4 /* UserDefaultsRepository.m */ = {isa = PBXFileReference; fileEncoding = 4; lastKnownFileType = sourcecode.c.objc; path = UserDefaultsRepository.m; sourceTree = "<group>"; };
		AA42A5A0154E1BCC0027B398 /* CoreData.framework */ = {isa = PBXFileReference; lastKnownFileType = wrapper.framework; name = CoreData.framework; path = System/Library/Frameworks/CoreData.framework; sourceTree = SDKROOT; };
		AA42A5A5154E227B0027B398 /* CoreDataTableViewController.h */ = {isa = PBXFileReference; fileEncoding = 4; lastKnownFileType = sourcecode.c.h; path = CoreDataTableViewController.h; sourceTree = "<group>"; };
		AA42A5A6154E227B0027B398 /* CoreDataTableViewController.m */ = {isa = PBXFileReference; fileEncoding = 4; lastKnownFileType = sourcecode.c.objc; path = CoreDataTableViewController.m; sourceTree = "<group>"; };
		AA7CB0251560733100E237AD /* Task.h */ = {isa = PBXFileReference; fileEncoding = 4; lastKnownFileType = sourcecode.c.h; path = Task.h; sourceTree = "<group>"; };
		AA7CB0261560733100E237AD /* Task.m */ = {isa = PBXFileReference; fileEncoding = 4; lastKnownFileType = sourcecode.c.objc; path = Task.m; sourceTree = "<group>"; };
		AAA42E98153A091D00B47BCB /* inbox_24x24.png */ = {isa = PBXFileReference; lastKnownFileType = image.png; name = inbox_24x24.png; path = ../../images/inbox_24x24.png; sourceTree = "<group>"; };
		AAA42E9A153A09C900B47BCB /* calendar_24x24.png */ = {isa = PBXFileReference; lastKnownFileType = image.png; name = calendar_24x24.png; path = ../../images/calendar_24x24.png; sourceTree = "<group>"; };
		AAA42E9C153A0A9A00B47BCB /* next_24x24.png */ = {isa = PBXFileReference; lastKnownFileType = image.png; name = next_24x24.png; path = ../../images/next_24x24.png; sourceTree = "<group>"; };
		AAA42EA2153A240600B47BCB /* checkbox_checked.png */ = {isa = PBXFileReference; lastKnownFileType = image.png; name = checkbox_checked.png; path = ../../images/checkbox_checked.png; sourceTree = "<group>"; };
		AAA42EA3153A240600B47BCB /* checkbox.png */ = {isa = PBXFileReference; lastKnownFileType = image.png; name = checkbox.png; path = ../../images/checkbox.png; sourceTree = "<group>"; };
		AAA42EA7153A24F800B47BCB /* TaskViewCell.h */ = {isa = PBXFileReference; fileEncoding = 4; lastKnownFileType = sourcecode.c.h; path = TaskViewCell.h; sourceTree = "<group>"; };
		AAA42EA8153A24F800B47BCB /* TaskViewCell.m */ = {isa = PBXFileReference; fileEncoding = 4; lastKnownFileType = sourcecode.c.objc; path = TaskViewCell.m; sourceTree = "<group>"; };
		AAC60A77154DBED8001A7016 /* project_24x24.png */ = {isa = PBXFileReference; lastKnownFileType = image.png; name = project_24x24.png; path = ../../images/project_24x24.png; sourceTree = "<group>"; };
		AAC60A82154DD105001A7016 /* MyToDoModel.xcdatamodel */ = {isa = PBXFileReference; lastKnownFileType = wrapper.xcdatamodel; path = MyToDoModel.xcdatamodel; sourceTree = "<group>"; };
		AAC60AA0154DE571001A7016 /* Task+AddOn.h */ = {isa = PBXFileReference; fileEncoding = 4; lastKnownFileType = sourcecode.c.h; path = "Task+AddOn.h"; sourceTree = "<group>"; };
		AAC60AA1154DE571001A7016 /* Task+AddOn.m */ = {isa = PBXFileReference; fileEncoding = 4; lastKnownFileType = sourcecode.c.objc; path = "Task+AddOn.m"; sourceTree = "<group>"; };
		AAC8A069150ADEB400416925 /* MyToDo.app */ = {isa = PBXFileReference; explicitFileType = wrapper.application; includeInIndex = 0; path = MyToDo.app; sourceTree = BUILT_PRODUCTS_DIR; };
		AAC8A06D150ADEB400416925 /* UIKit.framework */ = {isa = PBXFileReference; lastKnownFileType = wrapper.framework; name = UIKit.framework; path = System/Library/Frameworks/UIKit.framework; sourceTree = SDKROOT; };
		AAC8A06F150ADEB400416925 /* Foundation.framework */ = {isa = PBXFileReference; lastKnownFileType = wrapper.framework; name = Foundation.framework; path = System/Library/Frameworks/Foundation.framework; sourceTree = SDKROOT; };
		AAC8A071150ADEB400416925 /* CoreGraphics.framework */ = {isa = PBXFileReference; lastKnownFileType = wrapper.framework; name = CoreGraphics.framework; path = System/Library/Frameworks/CoreGraphics.framework; sourceTree = SDKROOT; };
		AAC8A075150ADEB400416925 /* MyToDo-Info.plist */ = {isa = PBXFileReference; lastKnownFileType = text.plist.xml; path = "MyToDo-Info.plist"; sourceTree = "<group>"; };
		AAC8A077150ADEB400416925 /* en */ = {isa = PBXFileReference; lastKnownFileType = text.plist.strings; name = en; path = en.lproj/InfoPlist.strings; sourceTree = "<group>"; };
		AAC8A079150ADEB400416925 /* main.m */ = {isa = PBXFileReference; lastKnownFileType = sourcecode.c.objc; path = main.m; sourceTree = "<group>"; };
		AAC8A07B150ADEB400416925 /* MyToDo-Prefix.pch */ = {isa = PBXFileReference; lastKnownFileType = sourcecode.c.h; path = "MyToDo-Prefix.pch"; sourceTree = "<group>"; };
		AAC8A07C150ADEB400416925 /* AppDelegate.h */ = {isa = PBXFileReference; lastKnownFileType = sourcecode.c.h; path = AppDelegate.h; sourceTree = "<group>"; };
		AAC8A07D150ADEB400416925 /* AppDelegate.m */ = {isa = PBXFileReference; lastKnownFileType = sourcecode.c.objc; path = AppDelegate.m; sourceTree = "<group>"; };
		AAC8A080150ADEB400416925 /* en */ = {isa = PBXFileReference; lastKnownFileType = file.storyboard; name = en; path = en.lproj/MainStoryboard.storyboard; sourceTree = "<group>"; };
		AAC8A08D150AE35B00416925 /* IndexTableViewController.h */ = {isa = PBXFileReference; fileEncoding = 4; lastKnownFileType = sourcecode.c.h; path = IndexTableViewController.h; sourceTree = "<group>"; };
		AAC8A08E150AE35B00416925 /* IndexTableViewController.m */ = {isa = PBXFileReference; fileEncoding = 4; lastKnownFileType = sourcecode.c.objc; path = IndexTableViewController.m; sourceTree = "<group>"; };
		AAC8A09B150AE89800416925 /* fav2 copy.png */ = {isa = PBXFileReference; lastKnownFileType = image.png; name = "fav2 copy.png"; path = "../../images/fav2 copy.png"; sourceTree = "<group>"; };
		AAC8A09D150AE8EE00416925 /* fusion_icon.png */ = {isa = PBXFileReference; lastKnownFileType = image.png; name = fusion_icon.png; path = ../../images/fusion_icon.png; sourceTree = "<group>"; };
		AAFC0E0215EABC0700515BB5 /* Folder.h */ = {isa = PBXFileReference; fileEncoding = 4; lastKnownFileType = sourcecode.c.h; path = Folder.h; sourceTree = "<group>"; };
		AAFC0E0315EABC0700515BB5 /* Folder.m */ = {isa = PBXFileReference; fileEncoding = 4; lastKnownFileType = sourcecode.c.objc; path = Folder.m; sourceTree = "<group>"; };
		AAFC0E0815EABC6900515BB5 /* Tag.h */ = {isa = PBXFileReference; fileEncoding = 4; lastKnownFileType = sourcecode.c.h; path = Tag.h; sourceTree = "<group>"; };
		AAFC0E0915EABC6900515BB5 /* Tag.m */ = {isa = PBXFileReference; fileEncoding = 4; lastKnownFileType = sourcecode.c.objc; path = Tag.m; sourceTree = "<group>"; };
/* End PBXFileReference section */

/* Begin PBXFrameworksBuildPhase section */
		AAC8A066150ADEB400416925 /* Frameworks */ = {
			isa = PBXFrameworksBuildPhase;
			buildActionMask = 2147483647;
			files = (
				AA42A5A1154E1BCC0027B398 /* CoreData.framework in Frameworks */,
				AAC8A06E150ADEB400416925 /* UIKit.framework in Frameworks */,
				AAC8A070150ADEB400416925 /* Foundation.framework in Frameworks */,
				AAC8A072150ADEB400416925 /* CoreGraphics.framework in Frameworks */,
			);
			runOnlyForDeploymentPostprocessing = 0;
		};
/* End PBXFrameworksBuildPhase section */

/* Begin PBXGroup section */
		AA27E5F61523F9CB0041B9F4 /* Repository */ = {
			isa = PBXGroup;
			children = (
				AA277007155B40D300F92BCE /* Repository.h */,
				AA277008155B40D300F92BCE /* Repository.m */,
				AA27E5F71523FA0D0041B9F4 /* UserDefaultsRepository.h */,
				AA27E5F81523FA0D0041B9F4 /* UserDefaultsRepository.m */,
				AA277016155EEE3B00F92BCE /* NSManagedObjectContext+Fetches.h */,
				AA277017155EEE3B00F92BCE /* NSManagedObjectContext+Fetches.m */,
			);
			name = Repository;
			sourceTree = "<group>";
		};
		AAC8A05E150ADEB400416925 = {
			isa = PBXGroup;
			children = (
				AAC8A073150ADEB400416925 /* MyToDo */,
				AAC8A06C150ADEB400416925 /* Frameworks */,
				AAC8A06A150ADEB400416925 /* Products */,
			);
			sourceTree = "<group>";
		};
		AAC8A06A150ADEB400416925 /* Products */ = {
			isa = PBXGroup;
			children = (
				AAC8A069150ADEB400416925 /* MyToDo.app */,
			);
			name = Products;
			sourceTree = "<group>";
		};
		AAC8A06C150ADEB400416925 /* Frameworks */ = {
			isa = PBXGroup;
			children = (
				AA42A5A0154E1BCC0027B398 /* CoreData.framework */,
				AAC8A06D150ADEB400416925 /* UIKit.framework */,
				AAC8A06F150ADEB400416925 /* Foundation.framework */,
				AAC8A071150ADEB400416925 /* CoreGraphics.framework */,
			);
			name = Frameworks;
			sourceTree = "<group>";
		};
		AAC8A073150ADEB400416925 /* MyToDo */ = {
			isa = PBXGroup;
			children = (
				AAC8A07C150ADEB400416925 /* AppDelegate.h */,
				AAC8A07D150ADEB400416925 /* AppDelegate.m */,
				AAC8A07F150ADEB400416925 /* MainStoryboard.storyboard */,
				AAD0BCCF1537AA04009F9232 /* Controllers */,
				AAD0BCCE1537A9E7009F9232 /* Model */,
				AA27E5F61523F9CB0041B9F4 /* Repository */,
				AAC8A090150AE45E00416925 /* Images */,
				AAC8A074150ADEB400416925 /* Supporting Files */,
			);
			path = MyToDo;
			sourceTree = "<group>";
		};
		AAC8A074150ADEB400416925 /* Supporting Files */ = {
			isa = PBXGroup;
			children = (
				AAC8A075150ADEB400416925 /* MyToDo-Info.plist */,
				AAC8A076150ADEB400416925 /* InfoPlist.strings */,
				AAC8A079150ADEB400416925 /* main.m */,
				AAC8A07B150ADEB400416925 /* MyToDo-Prefix.pch */,
			);
			name = "Supporting Files";
			sourceTree = "<group>";
		};
		AAC8A090150AE45E00416925 /* Images */ = {
			isa = PBXGroup;
			children = (
				AAC60A77154DBED8001A7016 /* project_24x24.png */,
				AAA42EA2153A240600B47BCB /* checkbox_checked.png */,
				AAA42EA3153A240600B47BCB /* checkbox.png */,
				AAA42E9C153A0A9A00B47BCB /* next_24x24.png */,
				AAA42E9A153A09C900B47BCB /* calendar_24x24.png */,
				AAA42E98153A091D00B47BCB /* inbox_24x24.png */,
				AAC8A09D150AE8EE00416925 /* fusion_icon.png */,
				AAC8A09B150AE89800416925 /* fav2 copy.png */,
			);
			name = Images;
			sourceTree = "<group>";
		};
		AAD0BCCE1537A9E7009F9232 /* Model */ = {
			isa = PBXGroup;
			children = (
				AAC60AA0154DE571001A7016 /* Task+AddOn.h */,
				AAC60AA1154DE571001A7016 /* Task+AddOn.m */,
				AAFC0E0215EABC0700515BB5 /* Folder.h */,
				AAFC0E0315EABC0700515BB5 /* Folder.m */,
				AAFC0E0815EABC6900515BB5 /* Tag.h */,
				AAFC0E0915EABC6900515BB5 /* Tag.m */,
				AAC60A81154DD105001A7016 /* MyToDoModel.xcdatamodeld */,
				AA7CB0251560733100E237AD /* Task.h */,
				AA7CB0261560733100E237AD /* Task.m */,
			);
			name = Model;
			sourceTree = "<group>";
		};
		AAD0BCCF1537AA04009F9232 /* Controllers */ = {
			isa = PBXGroup;
			children = (
				AA27701F155EFD8600F92BCE /* NewTaskViewController.h */,
				AA277020155EFD8600F92BCE /* NewTaskViewController.m */,
				AAA42EA7153A24F800B47BCB /* TaskViewCell.h */,
				AAA42EA8153A24F800B47BCB /* TaskViewCell.m */,
				AA27E5EA1523F6CB0041B9F4 /* ListTasksTableViewController.h */,
				AA27E5EB1523F6CB0041B9F4 /* ListTasksTableViewController.m */,
				AAC8A08D150AE35B00416925 /* IndexTableViewController.h */,
				AAC8A08E150AE35B00416925 /* IndexTableViewController.m */,
				AA42A5A5154E227B0027B398 /* CoreDataTableViewController.h */,
				AA42A5A6154E227B0027B398 /* CoreDataTableViewController.m */,
			);
			name = Controllers;
			sourceTree = "<group>";
		};
/* End PBXGroup section */

/* Begin PBXNativeTarget section */
		AAC8A068150ADEB400416925 /* MyToDo */ = {
			isa = PBXNativeTarget;
			buildConfigurationList = AAC8A087150ADEB400416925 /* Build configuration list for PBXNativeTarget "MyToDo" */;
			buildPhases = (
				AAC8A065150ADEB400416925 /* Sources */,
				AAC8A066150ADEB400416925 /* Frameworks */,
				AAC8A067150ADEB400416925 /* Resources */,
			);
			buildRules = (
			);
			dependencies = (
			);
			name = MyToDo;
			productName = MyToDo;
			productReference = AAC8A069150ADEB400416925 /* MyToDo.app */;
			productType = "com.apple.product-type.application";
		};
/* End PBXNativeTarget section */

/* Begin PBXProject section */
		AAC8A060150ADEB400416925 /* Project object */ = {
			isa = PBXProject;
			attributes = {
				LastUpgradeCheck = 0420;
			};
			buildConfigurationList = AAC8A063150ADEB400416925 /* Build configuration list for PBXProject "MyToDo" */;
			compatibilityVersion = "Xcode 3.2";
			developmentRegion = English;
			hasScannedForEncodings = 0;
			knownRegions = (
				en,
			);
			mainGroup = AAC8A05E150ADEB400416925;
			productRefGroup = AAC8A06A150ADEB400416925 /* Products */;
			projectDirPath = "";
			projectRoot = "";
			targets = (
				AAC8A068150ADEB400416925 /* MyToDo */,
			);
		};
/* End PBXProject section */

/* Begin PBXResourcesBuildPhase section */
		AAC8A067150ADEB400416925 /* Resources */ = {
			isa = PBXResourcesBuildPhase;
			buildActionMask = 2147483647;
			files = (
				AAC8A078150ADEB400416925 /* InfoPlist.strings in Resources */,
				AAC8A081150ADEB400416925 /* MainStoryboard.storyboard in Resources */,
				AAC8A09C150AE89800416925 /* fav2 copy.png in Resources */,
				AAC8A09E150AE8EE00416925 /* fusion_icon.png in Resources */,
				AAA42E99153A091D00B47BCB /* inbox_24x24.png in Resources */,
				AAA42E9B153A09C900B47BCB /* calendar_24x24.png in Resources */,
				AAA42E9D153A0A9A00B47BCB /* next_24x24.png in Resources */,
				AAA42EA4153A240600B47BCB /* checkbox_checked.png in Resources */,
				AAA42EA5153A240600B47BCB /* checkbox.png in Resources */,
				AAC60A78154DBED8001A7016 /* project_24x24.png in Resources */,
			);
			runOnlyForDeploymentPostprocessing = 0;
		};
/* End PBXResourcesBuildPhase section */

/* Begin PBXSourcesBuildPhase section */
		AAC8A065150ADEB400416925 /* Sources */ = {
			isa = PBXSourcesBuildPhase;
			buildActionMask = 2147483647;
			files = (
				AAC8A07A150ADEB400416925 /* main.m in Sources */,
				AAC8A07E150ADEB400416925 /* AppDelegate.m in Sources */,
				AAC8A08F150AE35B00416925 /* IndexTableViewController.m in Sources */,
				AA27E5EC1523F6CB0041B9F4 /* ListTasksTableViewController.m in Sources */,
				AA27E5F91523FA0D0041B9F4 /* UserDefaultsRepository.m in Sources */,
				AAA42EA9153A24F800B47BCB /* TaskViewCell.m in Sources */,
				AAC60A83154DD105001A7016 /* MyToDoModel.xcdatamodeld in Sources */,
				AAC60AA2154DE571001A7016 /* Task+AddOn.m in Sources */,
				AA42A5A7154E227B0027B398 /* CoreDataTableViewController.m in Sources */,
				AA277009155B40D300F92BCE /* Repository.m in Sources */,
				AA277018155EEE3B00F92BCE /* NSManagedObjectContext+Fetches.m in Sources */,
				AA277021155EFD8600F92BCE /* NewTaskViewController.m in Sources */,
				AA7CB0271560733100E237AD /* Task.m in Sources */,
				AAFC0E0415EABC0700515BB5 /* Folder.m in Sources */,
				AAFC0E0A15EABC6900515BB5 /* Tag.m in Sources */,
			);
			runOnlyForDeploymentPostprocessing = 0;
		};
/* End PBXSourcesBuildPhase section */

/* Begin PBXVariantGroup section */
		AAC8A076150ADEB400416925 /* InfoPlist.strings */ = {
			isa = PBXVariantGroup;
			children = (
				AAC8A077150ADEB400416925 /* en */,
			);
			name = InfoPlist.strings;
			sourceTree = "<group>";
		};
		AAC8A07F150ADEB400416925 /* MainStoryboard.storyboard */ = {
			isa = PBXVariantGroup;
			children = (
				AAC8A080150ADEB400416925 /* en */,
			);
			name = MainStoryboard.storyboard;
			sourceTree = "<group>";
		};
/* End PBXVariantGroup section */

/* Begin XCBuildConfiguration section */
		AAC8A085150ADEB400416925 /* Debug */ = {
			isa = XCBuildConfiguration;
			buildSettings = {
				ALWAYS_SEARCH_USER_PATHS = NO;
				ARCHS = "$(ARCHS_STANDARD_32_BIT)";
				CLANG_ENABLE_OBJC_ARC = YES;
				"CODE_SIGN_IDENTITY[sdk=iphoneos*]" = "iPhone Developer";
				COPY_PHASE_STRIP = NO;
				GCC_C_LANGUAGE_STANDARD = gnu99;
				GCC_DYNAMIC_NO_PIC = NO;
				GCC_OPTIMIZATION_LEVEL = 0;
				GCC_PREPROCESSOR_DEFINITIONS = (
					"DEBUG=1",
					"$(inherited)",
				);
				GCC_SYMBOLS_PRIVATE_EXTERN = NO;
				GCC_VERSION = com.apple.compilers.llvm.clang.1_0;
				GCC_WARN_ABOUT_MISSING_PROTOTYPES = YES;
				GCC_WARN_ABOUT_RETURN_TYPE = YES;
				GCC_WARN_UNUSED_VARIABLE = YES;
				IPHONEOS_DEPLOYMENT_TARGET = 5.0;
				SDKROOT = iphoneos;
			};
			name = Debug;
		};
		AAC8A086150ADEB400416925 /* Release */ = {
			isa = XCBuildConfiguration;
			buildSettings = {
				ALWAYS_SEARCH_USER_PATHS = NO;
				ARCHS = "$(ARCHS_STANDARD_32_BIT)";
				CLANG_ENABLE_OBJC_ARC = YES;
				"CODE_SIGN_IDENTITY[sdk=iphoneos*]" = "iPhone Developer";
				COPY_PHASE_STRIP = YES;
				GCC_C_LANGUAGE_STANDARD = gnu99;
				GCC_VERSION = com.apple.compilers.llvm.clang.1_0;
				GCC_WARN_ABOUT_MISSING_PROTOTYPES = YES;
				GCC_WARN_ABOUT_RETURN_TYPE = YES;
				GCC_WARN_UNUSED_VARIABLE = YES;
				IPHONEOS_DEPLOYMENT_TARGET = 5.0;
				OTHER_CFLAGS = "-DNS_BLOCK_ASSERTIONS=1";
				SDKROOT = iphoneos;
				VALIDATE_PRODUCT = YES;
			};
			name = Release;
		};
		AAC8A088150ADEB400416925 /* Debug */ = {
			isa = XCBuildConfiguration;
			buildSettings = {
				GCC_PRECOMPILE_PREFIX_HEADER = YES;
				GCC_PREFIX_HEADER = "MyToDo/MyToDo-Prefix.pch";
				INFOPLIST_FILE = "MyToDo/MyToDo-Info.plist";
				PRODUCT_NAME = "$(TARGET_NAME)";
				WRAPPER_EXTENSION = app;
			};
			name = Debug;
		};
		AAC8A089150ADEB400416925 /* Release */ = {
			isa = XCBuildConfiguration;
			buildSettings = {
				GCC_PRECOMPILE_PREFIX_HEADER = YES;
				GCC_PREFIX_HEADER = "MyToDo/MyToDo-Prefix.pch";
				INFOPLIST_FILE = "MyToDo/MyToDo-Info.plist";
				PRODUCT_NAME = "$(TARGET_NAME)";
				WRAPPER_EXTENSION = app;
			};
			name = Release;
		};
/* End XCBuildConfiguration section */

/* Begin XCConfigurationList section */
		AAC8A063150ADEB400416925 /* Build configuration list for PBXProject "MyToDo" */ = {
			isa = XCConfigurationList;
			buildConfigurations = (
				AAC8A085150ADEB400416925 /* Debug */,
				AAC8A086150ADEB400416925 /* Release */,
			);
			defaultConfigurationIsVisible = 0;
			defaultConfigurationName = Release;
		};
		AAC8A087150ADEB400416925 /* Build configuration list for PBXNativeTarget "MyToDo" */ = {
			isa = XCConfigurationList;
			buildConfigurations = (
				AAC8A088150ADEB400416925 /* Debug */,
				AAC8A089150ADEB400416925 /* Release */,
			);
			defaultConfigurationIsVisible = 0;
			defaultConfigurationName = Release;
		};
/* End XCConfigurationList section */

/* Begin XCVersionGroup section */
		AAC60A81154DD105001A7016 /* MyToDoModel.xcdatamodeld */ = {
			isa = XCVersionGroup;
			children = (
				AAC60A82154DD105001A7016 /* MyToDoModel.xcdatamodel */,
			);
			currentVersion = AAC60A82154DD105001A7016 /* MyToDoModel.xcdatamodel */;
			path = MyToDoModel.xcdatamodeld;
			sourceTree = "<group>";
			versionGroupType = wrapper.xcdatamodel;
		};
/* End XCVersionGroup section */
	};
	rootObject = AAC8A060150ADEB400416925 /* Project object */;
}
